
Microsoft Visual Studio Solution File, Format Version 12.00
# Visual Studio Version 16
VisualStudioVersion = 16.0.30309.148
MinimumVisualStudioVersion = 10.0.40219.1
Project("{9A19103F-16F7-4668-BE54-9A1E7A4F7556}") = "Leaf", "Leaf.csproj", "{B53B8C5D-E701-49D0-962A-FEC517280B4C}"
EndProject
Global
	GlobalSection(SolutionConfigurationPlatforms) = preSolution
		Debug|Any CPU = Debug|Any CPU
		Release|Any CPU = Release|Any CPU
	EndGlobalSection
	GlobalSection(ProjectConfigurationPlatforms) = postSolution
		{B53B8C5D-E701-49D0-962A-FEC517280B4C}.Debug|Any CPU.ActiveCfg = Debug|Any CPU
		{B53B8C5D-E701-49D0-962A-FEC517280B4C}.Debug|Any CPU.Build.0 = Debug|Any CPU
		{B53B8C5D-E701-49D0-962A-FEC517280B4C}.Release|Any CPU.ActiveCfg = Release|Any CPU
		{B53B8C5D-E701-49D0-962A-FEC517280B4C}.Release|Any CPU.Build.0 = Release|Any CPU
	EndGlobalSection
	GlobalSection(SolutionProperties) = preSolution
		HideSolutionNode = FALSE
	EndGlobalSection
	GlobalSection(ExtensibilityGlobals) = postSolution
		SolutionGuid = {6906AE07-52FD-4A9A-935B-CC0A61B70F84}
	EndGlobalSection
EndGlobal
